// !$*UTF8*$!
{
	archiveVersion = 1;
	classes = {
	};
	objectVersion = 55;
	objects = {

/* Begin PBXBuildFile section */
		7754D23228CA19CE0097C323 /* Model.swift in Sources */ = {isa = PBXBuildFile; fileRef = 7754D23128CA19CE0097C323 /* Model.swift */; };
		7754D23728CA66120097C323 /* SettingsTableViewController.swift in Sources */ = {isa = PBXBuildFile; fileRef = 7754D23628CA66120097C323 /* SettingsTableViewController.swift */; };
		777738F928CD287500E9EFA3 /* NavigationController.swift in Sources */ = {isa = PBXBuildFile; fileRef = 777738F828CD287500E9EFA3 /* NavigationController.swift */; };
		77BBC94D28C8FBDA005ABEA4 /* KeychainService.swift in Sources */ = {isa = PBXBuildFile; fileRef = 77BBC94C28C8FBDA005ABEA4 /* KeychainService.swift */; };
		77BBC95128C90C47005ABEA4 /* PasswordViewController.swift in Sources */ = {isa = PBXBuildFile; fileRef = 77BBC95028C90C47005ABEA4 /* PasswordViewController.swift */; };
		77BBC95528CA1161005ABEA4 /* StorageTableViewController.swift in Sources */ = {isa = PBXBuildFile; fileRef = 77BBC95428CA1161005ABEA4 /* StorageTableViewController.swift */; };
		77C030B228C6453A00C11EF2 /* AppDelegate.swift in Sources */ = {isa = PBXBuildFile; fileRef = 77C030B128C6453A00C11EF2 /* AppDelegate.swift */; };
		77C030B428C6453A00C11EF2 /* SceneDelegate.swift in Sources */ = {isa = PBXBuildFile; fileRef = 77C030B328C6453A00C11EF2 /* SceneDelegate.swift */; };
		77C030B928C6453A00C11EF2 /* Main.storyboard in Resources */ = {isa = PBXBuildFile; fileRef = 77C030B728C6453A00C11EF2 /* Main.storyboard */; };
		77C030BB28C6453C00C11EF2 /* Assets.xcassets in Resources */ = {isa = PBXBuildFile; fileRef = 77C030BA28C6453C00C11EF2 /* Assets.xcassets */; };
		77C030BE28C6453C00C11EF2 /* LaunchScreen.storyboard in Resources */ = {isa = PBXBuildFile; fileRef = 77C030BC28C6453C00C11EF2 /* LaunchScreen.storyboard */; };
		77C030C628C6458500C11EF2 /* FileManagerTableViewController.swift in Sources */ = {isa = PBXBuildFile; fileRef = 77C030C528C6458500C11EF2 /* FileManagerTableViewController.swift */; };
/* End PBXBuildFile section */

/* Begin PBXFileReference section */
		7754D23128CA19CE0097C323 /* Model.swift */ = {isa = PBXFileReference; lastKnownFileType = sourcecode.swift; path = Model.swift; sourceTree = "<group>"; };
		7754D23328CA1ACF0097C323 /* MyCustomFileManger.entitlements */ = {isa = PBXFileReference; lastKnownFileType = text.plist.entitlements; path = MyCustomFileManger.entitlements; sourceTree = "<group>"; };
		7754D23628CA66120097C323 /* SettingsTableViewController.swift */ = {isa = PBXFileReference; lastKnownFileType = sourcecode.swift; path = SettingsTableViewController.swift; sourceTree = "<group>"; };
		777738F828CD287500E9EFA3 /* NavigationController.swift */ = {isa = PBXFileReference; lastKnownFileType = sourcecode.swift; path = NavigationController.swift; sourceTree = "<group>"; };
		77BBC94C28C8FBDA005ABEA4 /* KeychainService.swift */ = {isa = PBXFileReference; lastKnownFileType = sourcecode.swift; path = KeychainService.swift; sourceTree = "<group>"; };
		77BBC95028C90C47005ABEA4 /* PasswordViewController.swift */ = {isa = PBXFileReference; lastKnownFileType = sourcecode.swift; name = PasswordViewController.swift; path = Assets.xcassets/PasswordViewController.swift; sourceTree = "<group>"; };
		77BBC95428CA1161005ABEA4 /* StorageTableViewController.swift */ = {isa = PBXFileReference; lastKnownFileType = sourcecode.swift; path = StorageTableViewController.swift; sourceTree = "<group>"; };
		77C030AE28C6453A00C11EF2 /* MyCustomFileManger.app */ = {isa = PBXFileReference; explicitFileType = wrapper.application; includeInIndex = 0; path = MyCustomFileManger.app; sourceTree = BUILT_PRODUCTS_DIR; };
		77C030B128C6453A00C11EF2 /* AppDelegate.swift */ = {isa = PBXFileReference; lastKnownFileType = sourcecode.swift; path = AppDelegate.swift; sourceTree = "<group>"; };
		77C030B328C6453A00C11EF2 /* SceneDelegate.swift */ = {isa = PBXFileReference; lastKnownFileType = sourcecode.swift; path = SceneDelegate.swift; sourceTree = "<group>"; };
		77C030B828C6453A00C11EF2 /* Base */ = {isa = PBXFileReference; lastKnownFileType = file.storyboard; name = Base; path = Base.lproj/Main.storyboard; sourceTree = "<group>"; };
		77C030BA28C6453C00C11EF2 /* Assets.xcassets */ = {isa = PBXFileReference; lastKnownFileType = folder.assetcatalog; path = Assets.xcassets; sourceTree = "<group>"; };
		77C030BD28C6453C00C11EF2 /* Base */ = {isa = PBXFileReference; lastKnownFileType = file.storyboard; name = Base; path = Base.lproj/LaunchScreen.storyboard; sourceTree = "<group>"; };
		77C030BF28C6453C00C11EF2 /* Info.plist */ = {isa = PBXFileReference; lastKnownFileType = text.plist.xml; path = Info.plist; sourceTree = "<group>"; };
		77C030C528C6458500C11EF2 /* FileManagerTableViewController.swift */ = {isa = PBXFileReference; lastKnownFileType = sourcecode.swift; path = FileManagerTableViewController.swift; sourceTree = "<group>"; };
/* End PBXFileReference section */

/* Begin PBXFrameworksBuildPhase section */
		77C030AB28C6453A00C11EF2 /* Frameworks */ = {
			isa = PBXFrameworksBuildPhase;
			buildActionMask = 2147483647;
			files = (
			);
			runOnlyForDeploymentPostprocessing = 0;
		};
/* End PBXFrameworksBuildPhase section */

/* Begin PBXGroup section */
		77C030A528C6453A00C11EF2 = {
			isa = PBXGroup;
			children = (
				77C030B028C6453A00C11EF2 /* MyCustomFileManger */,
				77C030AF28C6453A00C11EF2 /* Products */,
			);
			sourceTree = "<group>";
		};
		77C030AF28C6453A00C11EF2 /* Products */ = {
			isa = PBXGroup;
			children = (
				77C030AE28C6453A00C11EF2 /* MyCustomFileManger.app */,
			);
			name = Products;
			sourceTree = "<group>";
		};
		77C030B028C6453A00C11EF2 /* MyCustomFileManger */ = {
			isa = PBXGroup;
			children = (
				7754D23328CA1ACF0097C323 /* MyCustomFileManger.entitlements */,
				77C030B128C6453A00C11EF2 /* AppDelegate.swift */,
				77C030B328C6453A00C11EF2 /* SceneDelegate.swift */,
				7754D23128CA19CE0097C323 /* Model.swift */,
				77BBC94C28C8FBDA005ABEA4 /* KeychainService.swift */,
				777738F828CD287500E9EFA3 /* NavigationController.swift */,
				77BBC95028C90C47005ABEA4 /* PasswordViewController.swift */,
				77C030C528C6458500C11EF2 /* FileManagerTableViewController.swift */,
				77BBC95428CA1161005ABEA4 /* StorageTableViewController.swift */,
				7754D23628CA66120097C323 /* SettingsTableViewController.swift */,
				77C030B728C6453A00C11EF2 /* Main.storyboard */,
				77C030BA28C6453C00C11EF2 /* Assets.xcassets */,
				77C030BC28C6453C00C11EF2 /* LaunchScreen.storyboard */,
				77C030BF28C6453C00C11EF2 /* Info.plist */,
			);
			path = MyCustomFileManger;
			sourceTree = "<group>";
		};
/* End PBXGroup section */

/* Begin PBXNativeTarget section */
		77C030AD28C6453A00C11EF2 /* MyCustomFileManger */ = {
			isa = PBXNativeTarget;
			buildConfigurationList = 77C030C228C6453C00C11EF2 /* Build configuration list for PBXNativeTarget "MyCustomFileManger" */;
			buildPhases = (
				77C030AA28C6453A00C11EF2 /* Sources */,
				77C030AB28C6453A00C11EF2 /* Frameworks */,
				77C030AC28C6453A00C11EF2 /* Resources */,
			);
			buildRules = (
			);
			dependencies = (
			);
			name = MyCustomFileManger;
			productName = MyCustomFileManger;
			productReference = 77C030AE28C6453A00C11EF2 /* MyCustomFileManger.app */;
			productType = "com.apple.product-type.application";
		};
/* End PBXNativeTarget section */

/* Begin PBXProject section */
		77C030A628C6453A00C11EF2 /* Project object */ = {
			isa = PBXProject;
			attributes = {
				BuildIndependentTargetsInParallel = 1;
				LastSwiftUpdateCheck = 1340;
				LastUpgradeCheck = 1340;
				TargetAttributes = {
					77C030AD28C6453A00C11EF2 = {
						CreatedOnToolsVersion = 13.4.1;
					};
				};
			};
			buildConfigurationList = 77C030A928C6453A00C11EF2 /* Build configuration list for PBXProject "MyCustomFileManger" */;
			compatibilityVersion = "Xcode 13.0";
			developmentRegion = en;
			hasScannedForEncodings = 0;
			knownRegions = (
				en,
				Base,
			);
			mainGroup = 77C030A528C6453A00C11EF2;
			productRefGroup = 77C030AF28C6453A00C11EF2 /* Products */;
			projectDirPath = "";
			projectRoot = "";
			targets = (
				77C030AD28C6453A00C11EF2 /* MyCustomFileManger */,
			);
		};
/* End PBXProject section */

/* Begin PBXResourcesBuildPhase section */
		77C030AC28C6453A00C11EF2 /* Resources */ = {
			isa = PBXResourcesBuildPhase;
			buildActionMask = 2147483647;
			files = (
				77C030BE28C6453C00C11EF2 /* LaunchScreen.storyboard in Resources */,
				77C030BB28C6453C00C11EF2 /* Assets.xcassets in Resources */,
				77C030B928C6453A00C11EF2 /* Main.storyboard in Resources */,
			);
			runOnlyForDeploymentPostprocessing = 0;
		};
/* End PBXResourcesBuildPhase section */

/* Begin PBXSourcesBuildPhase section */
		77C030AA28C6453A00C11EF2 /* Sources */ = {
			isa = PBXSourcesBuildPhase;
			buildActionMask = 2147483647;
			files = (
				77C030B228C6453A00C11EF2 /* AppDelegate.swift in Sources */,
				77BBC94D28C8FBDA005ABEA4 /* KeychainService.swift in Sources */,
				77C030C628C6458500C11EF2 /* FileManagerTableViewController.swift in Sources */,
				77C030B428C6453A00C11EF2 /* SceneDelegate.swift in Sources */,
				777738F928CD287500E9EFA3 /* NavigationController.swift in Sources */,
				77BBC95528CA1161005ABEA4 /* StorageTableViewController.swift in Sources */,
				77BBC95128C90C47005ABEA4 /* PasswordViewController.swift in Sources */,
				7754D23228CA19CE0097C323 /* Model.swift in Sources */,
				7754D23728CA66120097C323 /* SettingsTableViewController.swift in Sources */,
			);
			runOnlyForDeploymentPostprocessing = 0;
		};
/* End PBXSourcesBuildPhase section */

/* Begin PBXVariantGroup section */
		77C030B728C6453A00C11EF2 /* Main.storyboard */ = {
			isa = PBXVariantGroup;
			children = (
				77C030B828C6453A00C11EF2 /* Base */,
			);
			name = Main.storyboard;
			sourceTree = "<group>";
		};
		77C030BC28C6453C00C11EF2 /* LaunchScreen.storyboard */ = {
			isa = PBXVariantGroup;
			children = (
				77C030BD28C6453C00C11EF2 /* Base */,
			);
			name = LaunchScreen.storyboard;
			sourceTree = "<group>";
		};
/* End PBXVariantGroup section */

/* Begin XCBuildConfiguration section */
		77C030C028C6453C00C11EF2 /* Debug */ = {
			isa = XCBuildConfiguration;
			buildSettings = {
				ALWAYS_SEARCH_USER_PATHS = NO;
				CLANG_ANALYZER_NONNULL = YES;
				CLANG_ANALYZER_NUMBER_OBJECT_CONVERSION = YES_AGGRESSIVE;
				CLANG_CXX_LANGUAGE_STANDARD = "gnu++17";
				CLANG_ENABLE_MODULES = YES;
				CLANG_ENABLE_OBJC_ARC = YES;
				CLANG_ENABLE_OBJC_WEAK = YES;
				CLANG_WARN_BLOCK_CAPTURE_AUTORELEASING = YES;
				CLANG_WARN_BOOL_CONVERSION = YES;
				CLANG_WARN_COMMA = YES;
				CLANG_WARN_CONSTANT_CONVERSION = YES;
				CLANG_WARN_DEPRECATED_OBJC_IMPLEMENTATIONS = YES;
				CLANG_WARN_DIRECT_OBJC_ISA_USAGE = YES_ERROR;
				CLANG_WARN_DOCUMENTATION_COMMENTS = YES;
				CLANG_WARN_EMPTY_BODY = YES;
				CLANG_WARN_ENUM_CONVERSION = YES;
				CLANG_WARN_INFINITE_RECURSION = YES;
				CLANG_WARN_INT_CONVERSION = YES;
				CLANG_WARN_NON_LITERAL_NULL_CONVERSION = YES;
				CLANG_WARN_OBJC_IMPLICIT_RETAIN_SELF = YES;
				CLANG_WARN_OBJC_LITERAL_CONVERSION = YES;
				CLANG_WARN_OBJC_ROOT_CLASS = YES_ERROR;
				CLANG_WARN_QUOTED_INCLUDE_IN_FRAMEWORK_HEADER = YES;
				CLANG_WARN_RANGE_LOOP_ANALYSIS = YES;
				CLANG_WARN_STRICT_PROTOTYPES = YES;
				CLANG_WARN_SUSPICIOUS_MOVE = YES;
				CLANG_WARN_UNGUARDED_AVAILABILITY = YES_AGGRESSIVE;
				CLANG_WARN_UNREACHABLE_CODE = YES;
				CLANG_WARN__DUPLICATE_METHOD_MATCH = YES;
				COPY_PHASE_STRIP = NO;
				DEBUG_INFORMATION_FORMAT = dwarf;
				ENABLE_STRICT_OBJC_MSGSEND = YES;
				ENABLE_TESTABILITY = YES;
				GCC_C_LANGUAGE_STANDARD = gnu11;
				GCC_DYNAMIC_NO_PIC = NO;
				GCC_NO_COMMON_BLOCKS = YES;
				GCC_OPTIMIZATION_LEVEL = 0;
				GCC_PREPROCESSOR_DEFINITIONS = (
					"DEBUG=1",
					"$(inherited)",
				);
				GCC_WARN_64_TO_32_BIT_CONVERSION = YES;
				GCC_WARN_ABOUT_RETURN_TYPE = YES_ERROR;
				GCC_WARN_UNDECLARED_SELECTOR = YES;
				GCC_WARN_UNINITIALIZED_AUTOS = YES_AGGRESSIVE;
				GCC_WARN_UNUSED_FUNCTION = YES;
				GCC_WARN_UNUSED_VARIABLE = YES;
				IPHONEOS_DEPLOYMENT_TARGET = 15.5;
				MTL_ENABLE_DEBUG_INFO = INCLUDE_SOURCE;
				MTL_FAST_MATH = YES;
				ONLY_ACTIVE_ARCH = YES;
				SDKROOT = iphoneos;
				SWIFT_ACTIVE_COMPILATION_CONDITIONS = DEBUG;
				SWIFT_OPTIMIZATION_LEVEL = "-Onone";
			};
			name = Debug;
		};
		77C030C128C6453C00C11EF2 /* Release */ = {
			isa = XCBuildConfiguration;
			buildSettings = {
				ALWAYS_SEARCH_USER_PATHS = NO;
				CLANG_ANALYZER_NONNULL = YES;
				CLANG_ANALYZER_NUMBER_OBJECT_CONVERSION = YES_AGGRESSIVE;
				CLANG_CXX_LANGUAGE_STANDARD = "gnu++17";
				CLANG_ENABLE_MODULES = YES;
				CLANG_ENABLE_OBJC_ARC = YES;
				CLANG_ENABLE_OBJC_WEAK = YES;
				CLANG_WARN_BLOCK_CAPTURE_AUTORELEASING = YES;
				CLANG_WARN_BOOL_CONVERSION = YES;
				CLANG_WARN_COMMA = YES;
				CLANG_WARN_CONSTANT_CONVERSION = YES;
				CLANG_WARN_DEPRECATED_OBJC_IMPLEMENTATIONS = YES;
				CLANG_WARN_DIRECT_OBJC_ISA_USAGE = YES_ERROR;
				CLANG_WARN_DOCUMENTATION_COMMENTS = YES;
				CLANG_WARN_EMPTY_BODY = YES;
				CLANG_WARN_ENUM_CONVERSION = YES;
				CLANG_WARN_INFINITE_RECURSION = YES;
				CLANG_WARN_INT_CONVERSION = YES;
				CLANG_WARN_NON_LITERAL_NULL_CONVERSION = YES;
				CLANG_WARN_OBJC_IMPLICIT_RETAIN_SELF = YES;
				CLANG_WARN_OBJC_LITERAL_CONVERSION = YES;
				CLANG_WARN_OBJC_ROOT_CLASS = YES_ERROR;
				CLANG_WARN_QUOTED_INCLUDE_IN_FRAMEWORK_HEADER = YES;
				CLANG_WARN_RANGE_LOOP_ANALYSIS = YES;
				CLANG_WARN_STRICT_PROTOTYPES = YES;
				CLANG_WARN_SUSPICIOUS_MOVE = YES;
				CLANG_WARN_UNGUARDED_AVAILABILITY = YES_AGGRESSIVE;
				CLANG_WARN_UNREACHABLE_CODE = YES;
				CLANG_WARN__DUPLICATE_METHOD_MATCH = YES;
				COPY_PHASE_STRIP = NO;
				DEBUG_INFORMATION_FORMAT = "dwarf-with-dsym";
				ENABLE_NS_ASSERTIONS = NO;
				ENABLE_STRICT_OBJC_MSGSEND = YES;
				GCC_C_LANGUAGE_STANDARD = gnu11;
				GCC_NO_COMMON_BLOCKS = YES;
				GCC_WARN_64_TO_32_BIT_CONVERSION = YES;
				GCC_WARN_ABOUT_RETURN_TYPE = YES_ERROR;
				GCC_WARN_UNDECLARED_SELECTOR = YES;
				GCC_WARN_UNINITIALIZED_AUTOS = YES_AGGRESSIVE;
				GCC_WARN_UNUSED_FUNCTION = YES;
				GCC_WARN_UNUSED_VARIABLE = YES;
				IPHONEOS_DEPLOYMENT_TARGET = 15.5;
				MTL_ENABLE_DEBUG_INFO = NO;
				MTL_FAST_MATH = YES;
				SDKROOT = iphoneos;
				SWIFT_COMPILATION_MODE = wholemodule;
				SWIFT_OPTIMIZATION_LEVEL = "-O";
				VALIDATE_PRODUCT = YES;
			};
			name = Release;
		};
		77C030C328C6453C00C11EF2 /* Debug */ = {
			isa = XCBuildConfiguration;
			buildSettings = {
				ASSETCATALOG_COMPILER_APPICON_NAME = AppIcon;
				ASSETCATALOG_COMPILER_GLOBAL_ACCENT_COLOR_NAME = AccentColor;
				CODE_SIGN_ENTITLEMENTS = MyCustomFileManger/MyCustomFileManger.entitlements;
				CODE_SIGN_STYLE = Automatic;
				CURRENT_PROJECT_VERSION = 1;
				DEVELOPMENT_TEAM = D2W2A64UR5;
				GENERATE_INFOPLIST_FILE = YES;
				INFOPLIST_FILE = MyCustomFileManger/Info.plist;
				INFOPLIST_KEY_UIApplicationSupportsIndirectInputEvents = YES;
				INFOPLIST_KEY_UILaunchStoryboardName = LaunchScreen;
				INFOPLIST_KEY_UIMainStoryboardFile = Main;
				INFOPLIST_KEY_UISupportedInterfaceOrientations_iPad = "UIInterfaceOrientationPortrait UIInterfaceOrientationPortraitUpsideDown UIInterfaceOrientationLandscapeLeft UIInterfaceOrientationLandscapeRight";
				INFOPLIST_KEY_UISupportedInterfaceOrientations_iPhone = "UIInterfaceOrientationPortrait UIInterfaceOrientationLandscapeLeft UIInterfaceOrientationLandscapeRight";
				LD_RUNPATH_SEARCH_PATHS = (
					"$(inherited)",
					"@executable_path/Frameworks",
				);
				MARKETING_VERSION = 1.0;
				PRODUCT_BUNDLE_IDENTIFIER = com.stepanov.MyCustomFileManger;
				PRODUCT_NAME = "$(TARGET_NAME)";
				SWIFT_EMIT_LOC_STRINGS = YES;
				SWIFT_VERSION = 5.0;
				TARGETED_DEVICE_FAMILY = "1,2";
			};
			name = Debug;
		};
		77C030C428C6453C00C11EF2 /* Release */ = {
			isa = XCBuildConfiguration;
			buildSettings = {
				ASSETCATALOG_COMPILER_APPICON_NAME = AppIcon;
				ASSETCATALOG_COMPILER_GLOBAL_ACCENT_COLOR_NAME = AccentColor;
				CODE_SIGN_ENTITLEMENTS = MyCustomFileManger/MyCustomFileManger.entitlements;
				CODE_SIGN_STYLE = Automatic;
				CURRENT_PROJECT_VERSION = 1;
				DEVELOPMENT_TEAM = D2W2A64UR5;
				GENERATE_INFOPLIST_FILE = YES;
				INFOPLIST_FILE = MyCustomFileManger/Info.plist;
				INFOPLIST_KEY_UIApplicationSupportsIndirectInputEvents = YES;
				INFOPLIST_KEY_UILaunchStoryboardName = LaunchScreen;
				INFOPLIST_KEY_UIMainStoryboardFile = Main;
				INFOPLIST_KEY_UISupportedInterfaceOrientations_iPad = "UIInterfaceOrientationPortrait UIInterfaceOrientationPortraitUpsideDown UIInterfaceOrientationLandscapeLeft UIInterfaceOrientationLandscapeRight";
				INFOPLIST_KEY_UISupportedInterfaceOrientations_iPhone = "UIInterfaceOrientationPortrait UIInterfaceOrientationLandscapeLeft UIInterfaceOrientationLandscapeRight";
				LD_RUNPATH_SEARCH_PATHS = (
					"$(inherited)",
					"@executable_path/Frameworks",
				);
				MARKETING_VERSION = 1.0;
				PRODUCT_BUNDLE_IDENTIFIER = com.stepanov.MyCustomFileManger;
				PRODUCT_NAME = "$(TARGET_NAME)";
				SWIFT_EMIT_LOC_STRINGS = YES;
				SWIFT_VERSION = 5.0;
				TARGETED_DEVICE_FAMILY = "1,2";
			};
			name = Release;
		};
/* End XCBuildConfiguration section */

/* Begin XCConfigurationList section */
		77C030A928C6453A00C11EF2 /* Build configuration list for PBXProject "MyCustomFileManger" */ = {
			isa = XCConfigurationList;
			buildConfigurations = (
				77C030C028C6453C00C11EF2 /* Debug */,
				77C030C128C6453C00C11EF2 /* Release */,
			);
			defaultConfigurationIsVisible = 0;
			defaultConfigurationName = Release;
		};
		77C030C228C6453C00C11EF2 /* Build configuration list for PBXNativeTarget "MyCustomFileManger" */ = {
			isa = XCConfigurationList;
			buildConfigurations = (
				77C030C328C6453C00C11EF2 /* Debug */,
				77C030C428C6453C00C11EF2 /* Release */,
			);
			defaultConfigurationIsVisible = 0;
			defaultConfigurationName = Release;
		};
/* End XCConfigurationList section */
	};
	rootObject = 77C030A628C6453A00C11EF2 /* Project object */;
}
